// !$*UTF8*$!
{
	archiveVersion = 1;
	classes = {
	};
	objectVersion = 48;
	objects = {

/* Begin PBXBuildFile section */
		0404BFE020611BB70030EB23 /* AppDelegate.m in Sources */ = {isa = PBXBuildFile; fileRef = 0404BFDF20611BB70030EB23 /* AppDelegate.m */; };
		0404BFE320611BB70030EB23 /* ViewController.m in Sources */ = {isa = PBXBuildFile; fileRef = 0404BFE220611BB70030EB23 /* ViewController.m */; };
		0404BFE820611BB70030EB23 /* Assets.xcassets in Resources */ = {isa = PBXBuildFile; fileRef = 0404BFE720611BB70030EB23 /* Assets.xcassets */; };
		0404BFEB20611BB70030EB23 /* LaunchScreen.storyboard in Resources */ = {isa = PBXBuildFile; fileRef = 0404BFE920611BB70030EB23 /* LaunchScreen.storyboard */; };
		0404BFEE20611BB70030EB23 /* main.m in Sources */ = {isa = PBXBuildFile; fileRef = 0404BFED20611BB70030EB23 /* main.m */; };
		0404BFF820611D200030EB23 /* WFCircleProgressView.m in Sources */ = {isa = PBXBuildFile; fileRef = 0404BFF720611D200030EB23 /* WFCircleProgressView.m */; };
		0404C0012062471A0030EB23 /* WFSphereWaveProgressView.m in Sources */ = {isa = PBXBuildFile; fileRef = 0404C0002062471A0030EB23 /* WFSphereWaveProgressView.m */; };
		0449BA662084AE88007DA045 /* UIView+WFExtension.m in Sources */ = {isa = PBXBuildFile; fileRef = 0449BA652084AE88007DA045 /* UIView+WFExtension.m */; };
		04558844207B58980052D9B8 /* WFPopAnimation.m in Sources */ = {isa = PBXBuildFile; fileRef = 04558843207B58980052D9B8 /* WFPopAnimation.m */; };
		0455884A207B6A990052D9B8 /* WFMainNavigationViewController.m in Sources */ = {isa = PBXBuildFile; fileRef = 04558849207B6A990052D9B8 /* WFMainNavigationViewController.m */; };
		0455884D207B6C8C0052D9B8 /* WFSubViewController.m in Sources */ = {isa = PBXBuildFile; fileRef = 0455884C207B6C8C0052D9B8 /* WFSubViewController.m */; };
		0495B9DC206E1E5400346289 /* WFMainTabbarViewController.m in Sources */ = {isa = PBXBuildFile; fileRef = 0495B9DA206E1E5400346289 /* WFMainTabbarViewController.m */; };
		0495B9DF206E1E7A00346289 /* WFWaveHeader.m in Sources */ = {isa = PBXBuildFile; fileRef = 0495B9DE206E1E7A00346289 /* WFWaveHeader.m */; };
		0495B9E2206E1FB400346289 /* WFProgressViewController.m in Sources */ = {isa = PBXBuildFile; fileRef = 0495B9E1206E1FB400346289 /* WFProgressViewController.m */; };
		04983E1C20859D05006836E7 /* WFChartModel.m in Sources */ = {isa = PBXBuildFile; fileRef = 04983E1B20859D05006836E7 /* WFChartModel.m */; };
		04983E1F2085F4F4006836E7 /* WFChartViewController.m in Sources */ = {isa = PBXBuildFile; fileRef = 04983E1E2085F4F4006836E7 /* WFChartViewController.m */; };
		04A6D350206C920C005A531B /* WFElasticityView.m in Sources */ = {isa = PBXBuildFile; fileRef = 04A6D34F206C920C005A531B /* WFElasticityView.m */; };
		04B92FE3206B417500FECA45 /* WFDisplayView.m in Sources */ = {isa = PBXBuildFile; fileRef = 04B92FE2206B417500FECA45 /* WFDisplayView.m */; };
		04BD359622369D490063A1CD /* WFGestureView.m in Sources */ = {isa = PBXBuildFile; fileRef = 04BD359522369D490063A1CD /* WFGestureView.m */; };
		04BD359922369EA60063A1CD /* WFGestureViewController.m in Sources */ = {isa = PBXBuildFile; fileRef = 04BD359822369EA60063A1CD /* WFGestureViewController.m */; };
		04D65E13208044B40016D23E /* WFPieChartView.m in Sources */ = {isa = PBXBuildFile; fileRef = 04D65E12208044B40016D23E /* WFPieChartView.m */; };
		04D65E16208061230016D23E /* WFPieChartItem.m in Sources */ = {isa = PBXBuildFile; fileRef = 04D65E15208061230016D23E /* WFPieChartItem.m */; };
		04D65E192080AF4F0016D23E /* WFLineChartView.m in Sources */ = {isa = PBXBuildFile; fileRef = 04D65E182080AF4F0016D23E /* WFLineChartView.m */; };
		04EE619F2197FDC30048E442 /* WFNavigationViewController.m in Sources */ = {isa = PBXBuildFile; fileRef = 04EE619E2197FDC30048E442 /* WFNavigationViewController.m */; };
		04EE61A22197FEC10048E442 /* WFNavigationSubViewController.m in Sources */ = {isa = PBXBuildFile; fileRef = 04EE61A12197FEC10048E442 /* WFNavigationSubViewController.m */; };
		AA826413212EBD0200E0FC10 /* WFPresentationController.m in Sources */ = {isa = PBXBuildFile; fileRef = AA826412212EBD0200E0FC10 /* WFPresentationController.m */; };
		AA826416212FDA2800E0FC10 /* WFSecondViewController.m in Sources */ = {isa = PBXBuildFile; fileRef = AA826415212FDA2800E0FC10 /* WFSecondViewController.m */; };
		AAD03B91223A02670037D498 /* WFFlexibleButton.m in Sources */ = {isa = PBXBuildFile; fileRef = AAD03B90223A02670037D498 /* WFFlexibleButton.m */; };
		AAF6B82021255A6000738A9E /* WFCircleAnimationView.m in Sources */ = {isa = PBXBuildFile; fileRef = AAF6B81F21255A6000738A9E /* WFCircleAnimationView.m */; };
/* End PBXBuildFile section */

/* Begin PBXFileReference section */
		0404BFDB20611BB70030EB23 /* Animation_Summary.app */ = {isa = PBXFileReference; explicitFileType = wrapper.application; includeInIndex = 0; path = Animation_Summary.app; sourceTree = BUILT_PRODUCTS_DIR; };
		0404BFDE20611BB70030EB23 /* AppDelegate.h */ = {isa = PBXFileReference; lastKnownFileType = sourcecode.c.h; path = AppDelegate.h; sourceTree = "<group>"; };
		0404BFDF20611BB70030EB23 /* AppDelegate.m */ = {isa = PBXFileReference; lastKnownFileType = sourcecode.c.objc; path = AppDelegate.m; sourceTree = "<group>"; };
		0404BFE120611BB70030EB23 /* ViewController.h */ = {isa = PBXFileReference; lastKnownFileType = sourcecode.c.h; path = ViewController.h; sourceTree = "<group>"; };
		0404BFE220611BB70030EB23 /* ViewController.m */ = {isa = PBXFileReference; lastKnownFileType = sourcecode.c.objc; path = ViewController.m; sourceTree = "<group>"; };
		0404BFE720611BB70030EB23 /* Assets.xcassets */ = {isa = PBXFileReference; lastKnownFileType = folder.assetcatalog; path = Assets.xcassets; sourceTree = "<group>"; };
		0404BFEA20611BB70030EB23 /* Base */ = {isa = PBXFileReference; lastKnownFileType = file.storyboard; name = Base; path = Base.lproj/LaunchScreen.storyboard; sourceTree = "<group>"; };
		0404BFEC20611BB70030EB23 /* Info.plist */ = {isa = PBXFileReference; lastKnownFileType = text.plist.xml; path = Info.plist; sourceTree = "<group>"; };
		0404BFED20611BB70030EB23 /* main.m */ = {isa = PBXFileReference; lastKnownFileType = sourcecode.c.objc; path = main.m; sourceTree = "<group>"; };
		0404BFF620611D200030EB23 /* WFCircleProgressView.h */ = {isa = PBXFileReference; lastKnownFileType = sourcecode.c.h; path = WFCircleProgressView.h; sourceTree = "<group>"; };
		0404BFF720611D200030EB23 /* WFCircleProgressView.m */ = {isa = PBXFileReference; lastKnownFileType = sourcecode.c.objc; path = WFCircleProgressView.m; sourceTree = "<group>"; };
		0404BFFF2062471A0030EB23 /* WFSphereWaveProgressView.h */ = {isa = PBXFileReference; lastKnownFileType = sourcecode.c.h; path = WFSphereWaveProgressView.h; sourceTree = "<group>"; };
		0404C0002062471A0030EB23 /* WFSphereWaveProgressView.m */ = {isa = PBXFileReference; lastKnownFileType = sourcecode.c.objc; path = WFSphereWaveProgressView.m; sourceTree = "<group>"; };
		0449BA642084AE88007DA045 /* UIView+WFExtension.h */ = {isa = PBXFileReference; lastKnownFileType = sourcecode.c.h; path = "UIView+WFExtension.h"; sourceTree = "<group>"; };
		0449BA652084AE88007DA045 /* UIView+WFExtension.m */ = {isa = PBXFileReference; lastKnownFileType = sourcecode.c.objc; path = "UIView+WFExtension.m"; sourceTree = "<group>"; };
		04558842207B58980052D9B8 /* WFPopAnimation.h */ = {isa = PBXFileReference; lastKnownFileType = sourcecode.c.h; path = WFPopAnimation.h; sourceTree = "<group>"; };
		04558843207B58980052D9B8 /* WFPopAnimation.m */ = {isa = PBXFileReference; lastKnownFileType = sourcecode.c.objc; path = WFPopAnimation.m; sourceTree = "<group>"; };
		04558848207B6A990052D9B8 /* WFMainNavigationViewController.h */ = {isa = PBXFileReference; lastKnownFileType = sourcecode.c.h; path = WFMainNavigationViewController.h; sourceTree = "<group>"; };
		04558849207B6A990052D9B8 /* WFMainNavigationViewController.m */ = {isa = PBXFileReference; lastKnownFileType = sourcecode.c.objc; path = WFMainNavigationViewController.m; sourceTree = "<group>"; };
		0455884B207B6C8C0052D9B8 /* WFSubViewController.h */ = {isa = PBXFileReference; lastKnownFileType = sourcecode.c.h; path = WFSubViewController.h; sourceTree = "<group>"; };
		0455884C207B6C8C0052D9B8 /* WFSubViewController.m */ = {isa = PBXFileReference; lastKnownFileType = sourcecode.c.objc; path = WFSubViewController.m; sourceTree = "<group>"; };
		0495B9DA206E1E5400346289 /* WFMainTabbarViewController.m */ = {isa = PBXFileReference; fileEncoding = 4; lastKnownFileType = sourcecode.c.objc; path = WFMainTabbarViewController.m; sourceTree = "<group>"; };
		0495B9DB206E1E5400346289 /* WFMainTabbarViewController.h */ = {isa = PBXFileReference; fileEncoding = 4; lastKnownFileType = sourcecode.c.h; path = WFMainTabbarViewController.h; sourceTree = "<group>"; };
		0495B9DD206E1E7A00346289 /* WFWaveHeader.h */ = {isa = PBXFileReference; fileEncoding = 4; lastKnownFileType = sourcecode.c.h; path = WFWaveHeader.h; sourceTree = "<group>"; };
		0495B9DE206E1E7A00346289 /* WFWaveHeader.m */ = {isa = PBXFileReference; fileEncoding = 4; lastKnownFileType = sourcecode.c.objc; path = WFWaveHeader.m; sourceTree = "<group>"; };
		0495B9E0206E1FB400346289 /* WFProgressViewController.h */ = {isa = PBXFileReference; lastKnownFileType = sourcecode.c.h; path = WFProgressViewController.h; sourceTree = "<group>"; };
		0495B9E1206E1FB400346289 /* WFProgressViewController.m */ = {isa = PBXFileReference; lastKnownFileType = sourcecode.c.objc; path = WFProgressViewController.m; sourceTree = "<group>"; };
		04983E1A20859D05006836E7 /* WFChartModel.h */ = {isa = PBXFileReference; lastKnownFileType = sourcecode.c.h; path = WFChartModel.h; sourceTree = "<group>"; };
		04983E1B20859D05006836E7 /* WFChartModel.m */ = {isa = PBXFileReference; lastKnownFileType = sourcecode.c.objc; path = WFChartModel.m; sourceTree = "<group>"; };
		04983E1D2085F4F4006836E7 /* WFChartViewController.h */ = {isa = PBXFileReference; lastKnownFileType = sourcecode.c.h; path = WFChartViewController.h; sourceTree = "<group>"; };
		04983E1E2085F4F4006836E7 /* WFChartViewController.m */ = {isa = PBXFileReference; lastKnownFileType = sourcecode.c.objc; path = WFChartViewController.m; sourceTree = "<group>"; };
		04A6D34E206C920C005A531B /* WFElasticityView.h */ = {isa = PBXFileReference; lastKnownFileType = sourcecode.c.h; path = WFElasticityView.h; sourceTree = "<group>"; };
		04A6D34F206C920C005A531B /* WFElasticityView.m */ = {isa = PBXFileReference; lastKnownFileType = sourcecode.c.objc; path = WFElasticityView.m; sourceTree = "<group>"; };
		04B92FE1206B417500FECA45 /* WFDisplayView.h */ = {isa = PBXFileReference; lastKnownFileType = sourcecode.c.h; path = WFDisplayView.h; sourceTree = "<group>"; };
		04B92FE2206B417500FECA45 /* WFDisplayView.m */ = {isa = PBXFileReference; lastKnownFileType = sourcecode.c.objc; path = WFDisplayView.m; sourceTree = "<group>"; };
		04B92FE4206B42FD00FECA45 /* PrefixHeader.pch */ = {isa = PBXFileReference; lastKnownFileType = sourcecode.c.h; path = PrefixHeader.pch; sourceTree = "<group>"; };
		04BD359422369D490063A1CD /* WFGestureView.h */ = {isa = PBXFileReference; lastKnownFileType = sourcecode.c.h; path = WFGestureView.h; sourceTree = "<group>"; };
		04BD359522369D490063A1CD /* WFGestureView.m */ = {isa = PBXFileReference; lastKnownFileType = sourcecode.c.objc; path = WFGestureView.m; sourceTree = "<group>"; };
		04BD359722369EA60063A1CD /* WFGestureViewController.h */ = {isa = PBXFileReference; lastKnownFileType = sourcecode.c.h; path = WFGestureViewController.h; sourceTree = "<group>"; };
		04BD359822369EA60063A1CD /* WFGestureViewController.m */ = {isa = PBXFileReference; lastKnownFileType = sourcecode.c.objc; path = WFGestureViewController.m; sourceTree = "<group>"; };
		04CA49FE2067CCF3004693FC /* AnimationSummary */ = {isa = PBXFileReference; lastKnownFileType = text; path = AnimationSummary; sourceTree = "<group>"; };
		04D65E11208044B40016D23E /* WFPieChartView.h */ = {isa = PBXFileReference; lastKnownFileType = sourcecode.c.h; path = WFPieChartView.h; sourceTree = "<group>"; };
		04D65E12208044B40016D23E /* WFPieChartView.m */ = {isa = PBXFileReference; lastKnownFileType = sourcecode.c.objc; path = WFPieChartView.m; sourceTree = "<group>"; };
		04D65E14208061230016D23E /* WFPieChartItem.h */ = {isa = PBXFileReference; lastKnownFileType = sourcecode.c.h; path = WFPieChartItem.h; sourceTree = "<group>"; };
		04D65E15208061230016D23E /* WFPieChartItem.m */ = {isa = PBXFileReference; lastKnownFileType = sourcecode.c.objc; path = WFPieChartItem.m; sourceTree = "<group>"; };
		04D65E172080AF4F0016D23E /* WFLineChartView.h */ = {isa = PBXFileReference; lastKnownFileType = sourcecode.c.h; path = WFLineChartView.h; sourceTree = "<group>"; };
		04D65E182080AF4F0016D23E /* WFLineChartView.m */ = {isa = PBXFileReference; lastKnownFileType = sourcecode.c.objc; path = WFLineChartView.m; sourceTree = "<group>"; };
		04EE619D2197FDC30048E442 /* WFNavigationViewController.h */ = {isa = PBXFileReference; lastKnownFileType = sourcecode.c.h; path = WFNavigationViewController.h; sourceTree = "<group>"; };
		04EE619E2197FDC30048E442 /* WFNavigationViewController.m */ = {isa = PBXFileReference; lastKnownFileType = sourcecode.c.objc; path = WFNavigationViewController.m; sourceTree = "<group>"; };
		04EE61A02197FEC10048E442 /* WFNavigationSubViewController.h */ = {isa = PBXFileReference; lastKnownFileType = sourcecode.c.h; path = WFNavigationSubViewController.h; sourceTree = "<group>"; };
		04EE61A12197FEC10048E442 /* WFNavigationSubViewController.m */ = {isa = PBXFileReference; lastKnownFileType = sourcecode.c.objc; path = WFNavigationSubViewController.m; sourceTree = "<group>"; };
		AA826411212EBD0200E0FC10 /* WFPresentationController.h */ = {isa = PBXFileReference; lastKnownFileType = sourcecode.c.h; path = WFPresentationController.h; sourceTree = "<group>"; };
		AA826412212EBD0200E0FC10 /* WFPresentationController.m */ = {isa = PBXFileReference; lastKnownFileType = sourcecode.c.objc; path = WFPresentationController.m; sourceTree = "<group>"; };
		AA826414212FDA2800E0FC10 /* WFSecondViewController.h */ = {isa = PBXFileReference; lastKnownFileType = sourcecode.c.h; path = WFSecondViewController.h; sourceTree = "<group>"; };
		AA826415212FDA2800E0FC10 /* WFSecondViewController.m */ = {isa = PBXFileReference; lastKnownFileType = sourcecode.c.objc; path = WFSecondViewController.m; sourceTree = "<group>"; };
		AAD03B8F223A02670037D498 /* WFFlexibleButton.h */ = {isa = PBXFileReference; lastKnownFileType = sourcecode.c.h; path = WFFlexibleButton.h; sourceTree = "<group>"; };
		AAD03B90223A02670037D498 /* WFFlexibleButton.m */ = {isa = PBXFileReference; lastKnownFileType = sourcecode.c.objc; path = WFFlexibleButton.m; sourceTree = "<group>"; };
		AAF6B81E21255A6000738A9E /* WFCircleAnimationView.h */ = {isa = PBXFileReference; lastKnownFileType = sourcecode.c.h; path = WFCircleAnimationView.h; sourceTree = "<group>"; };
		AAF6B81F21255A6000738A9E /* WFCircleAnimationView.m */ = {isa = PBXFileReference; lastKnownFileType = sourcecode.c.objc; path = WFCircleAnimationView.m; sourceTree = "<group>"; };
/* End PBXFileReference section */

/* Begin PBXFrameworksBuildPhase section */
		0404BFD820611BB70030EB23 /* Frameworks */ = {
			isa = PBXFrameworksBuildPhase;
			buildActionMask = 2147483647;
			files = (
			);
			runOnlyForDeploymentPostprocessing = 0;
		};
/* End PBXFrameworksBuildPhase section */

/* Begin PBXGroup section */
		0404BFD220611BB70030EB23 = {
			isa = PBXGroup;
			children = (
				0404BFDD20611BB70030EB23 /* Animation_Summary */,
				0404BFDC20611BB70030EB23 /* Products */,
			);
			sourceTree = "<group>";
		};
		0404BFDC20611BB70030EB23 /* Products */ = {
			isa = PBXGroup;
			children = (
				0404BFDB20611BB70030EB23 /* Animation_Summary.app */,
			);
			name = Products;
			sourceTree = "<group>";
		};
		0404BFDD20611BB70030EB23 /* Animation_Summary */ = {
			isa = PBXGroup;
			children = (
				AA826410212EBCCD00E0FC10 /* CustomTransitionAnimation */,
				0449BA632084AE5D007DA045 /* Extension */,
				0495B9D6206E1D3900346289 /* MainTabbarController */,
				0404BFF520611CBE0030EB23 /* AnimationView */,
				0495B9E3206E1FBD00346289 /* SubViewController */,
				0404BFF420611BCA0030EB23 /* Config */,
			);
			path = Animation_Summary;
			sourceTree = "<group>";
		};
		0404BFF420611BCA0030EB23 /* Config */ = {
			isa = PBXGroup;
			children = (
				0404BFDE20611BB70030EB23 /* AppDelegate.h */,
				0404BFDF20611BB70030EB23 /* AppDelegate.m */,
				0404BFE720611BB70030EB23 /* Assets.xcassets */,
				0404BFE920611BB70030EB23 /* LaunchScreen.storyboard */,
				0404BFEC20611BB70030EB23 /* Info.plist */,
				0404BFED20611BB70030EB23 /* main.m */,
				04B92FE4206B42FD00FECA45 /* PrefixHeader.pch */,
			);
			path = Config;
			sourceTree = "<group>";
		};
		0404BFF520611CBE0030EB23 /* AnimationView */ = {
			isa = PBXGroup;
			children = (
				04BD359322369D160063A1CD /* GestureView */,
				AAF6B81E21255A6000738A9E /* WFCircleAnimationView.h */,
				AAF6B81F21255A6000738A9E /* WFCircleAnimationView.m */,
				0404BFF620611D200030EB23 /* WFCircleProgressView.h */,
				0404BFF720611D200030EB23 /* WFCircleProgressView.m */,
				0404BFFF2062471A0030EB23 /* WFSphereWaveProgressView.h */,
				0404C0002062471A0030EB23 /* WFSphereWaveProgressView.m */,
				04CA49FE2067CCF3004693FC /* AnimationSummary */,
				04B92FE1206B417500FECA45 /* WFDisplayView.h */,
				04B92FE2206B417500FECA45 /* WFDisplayView.m */,
				04A6D34E206C920C005A531B /* WFElasticityView.h */,
				04A6D34F206C920C005A531B /* WFElasticityView.m */,
				0495B9DD206E1E7A00346289 /* WFWaveHeader.h */,
				0495B9DE206E1E7A00346289 /* WFWaveHeader.m */,
				04983E2020863F1F006836E7 /* WFChartView */,
				AAD03B8F223A02670037D498 /* WFFlexibleButton.h */,
				AAD03B90223A02670037D498 /* WFFlexibleButton.m */,
			);
			path = AnimationView;
			sourceTree = "<group>";
		};
		0449BA632084AE5D007DA045 /* Extension */ = {
			isa = PBXGroup;
			children = (
				0449BA642084AE88007DA045 /* UIView+WFExtension.h */,
				0449BA652084AE88007DA045 /* UIView+WFExtension.m */,
			);
			path = Extension;
			sourceTree = "<group>";
		};
		0495B9D6206E1D3900346289 /* MainTabbarController */ = {
			isa = PBXGroup;
			children = (
				0495B9DB206E1E5400346289 /* WFMainTabbarViewController.h */,
				0495B9DA206E1E5400346289 /* WFMainTabbarViewController.m */,
				04558848207B6A990052D9B8 /* WFMainNavigationViewController.h */,
				04558849207B6A990052D9B8 /* WFMainNavigationViewController.m */,
			);
			path = MainTabbarController;
			sourceTree = "<group>";
		};
		0495B9E3206E1FBD00346289 /* SubViewController */ = {
			isa = PBXGroup;
			children = (
				0404BFE120611BB70030EB23 /* ViewController.h */,
				0404BFE220611BB70030EB23 /* ViewController.m */,
				0495B9E0206E1FB400346289 /* WFProgressViewController.h */,
				0495B9E1206E1FB400346289 /* WFProgressViewController.m */,
				0455884B207B6C8C0052D9B8 /* WFSubViewController.h */,
				0455884C207B6C8C0052D9B8 /* WFSubViewController.m */,
				04983E1D2085F4F4006836E7 /* WFChartViewController.h */,
				04983E1E2085F4F4006836E7 /* WFChartViewController.m */,
				04EE619D2197FDC30048E442 /* WFNavigationViewController.h */,
				04EE619E2197FDC30048E442 /* WFNavigationViewController.m */,
				04EE61A02197FEC10048E442 /* WFNavigationSubViewController.h */,
				04EE61A12197FEC10048E442 /* WFNavigationSubViewController.m */,
				04BD359722369EA60063A1CD /* WFGestureViewController.h */,
				04BD359822369EA60063A1CD /* WFGestureViewController.m */,
			);
			path = SubViewController;
			sourceTree = "<group>";
		};
		04983E2020863F1F006836E7 /* WFChartView */ = {
			isa = PBXGroup;
			children = (
				04D65E11208044B40016D23E /* WFPieChartView.h */,
				04D65E12208044B40016D23E /* WFPieChartView.m */,
				04D65E14208061230016D23E /* WFPieChartItem.h */,
				04D65E15208061230016D23E /* WFPieChartItem.m */,
				04D65E172080AF4F0016D23E /* WFLineChartView.h */,
				04D65E182080AF4F0016D23E /* WFLineChartView.m */,
				04983E1A20859D05006836E7 /* WFChartModel.h */,
				04983E1B20859D05006836E7 /* WFChartModel.m */,
			);
			path = WFChartView;
			sourceTree = "<group>";
		};
		04BD359322369D160063A1CD /* GestureView */ = {
			isa = PBXGroup;
			children = (
				04BD359422369D490063A1CD /* WFGestureView.h */,
				04BD359522369D490063A1CD /* WFGestureView.m */,
			);
			path = GestureView;
			sourceTree = "<group>";
		};
		AA826410212EBCCD00E0FC10 /* CustomTransitionAnimation */ = {
			isa = PBXGroup;
			children = (
				04558842207B58980052D9B8 /* WFPopAnimation.h */,
				04558843207B58980052D9B8 /* WFPopAnimation.m */,
				AA826411212EBD0200E0FC10 /* WFPresentationController.h */,
				AA826412212EBD0200E0FC10 /* WFPresentationController.m */,
				AA826414212FDA2800E0FC10 /* WFSecondViewController.h */,
				AA826415212FDA2800E0FC10 /* WFSecondViewController.m */,
			);
			path = CustomTransitionAnimation;
			sourceTree = "<group>";
		};
/* End PBXGroup section */

/* Begin PBXNativeTarget section */
		0404BFDA20611BB70030EB23 /* Animation_Summary */ = {
			isa = PBXNativeTarget;
			buildConfigurationList = 0404BFF120611BB70030EB23 /* Build configuration list for PBXNativeTarget "Animation_Summary" */;
			buildPhases = (
				0404BFD720611BB70030EB23 /* Sources */,
				0404BFD820611BB70030EB23 /* Frameworks */,
				0404BFD920611BB70030EB23 /* Resources */,
			);
			buildRules = (
			);
			dependencies = (
			);
			name = Animation_Summary;
			productName = AnimationDemo;
			productReference = 0404BFDB20611BB70030EB23 /* Animation_Summary.app */;
			productType = "com.apple.product-type.application";
		};
/* End PBXNativeTarget section */

/* Begin PBXProject section */
		0404BFD320611BB70030EB23 /* Project object */ = {
			isa = PBXProject;
			attributes = {
				CLASSPREFIX = WF;
				LastUpgradeCheck = 0930;
				ORGANIZATIONNAME = Jack;
				TargetAttributes = {
					0404BFDA20611BB70030EB23 = {
						CreatedOnToolsVersion = 9.2;
						ProvisioningStyle = Automatic;
					};
				};
			};
			buildConfigurationList = 0404BFD620611BB70030EB23 /* Build configuration list for PBXProject "Animation_Summary" */;
			compatibilityVersion = "Xcode 8.0";
			developmentRegion = en;
			hasScannedForEncodings = 0;
			knownRegions = (
				en,
				Base,
			);
			mainGroup = 0404BFD220611BB70030EB23;
			productRefGroup = 0404BFDC20611BB70030EB23 /* Products */;
			projectDirPath = "";
			projectRoot = "";
			targets = (
				0404BFDA20611BB70030EB23 /* Animation_Summary */,
			);
		};
/* End PBXProject section */

/* Begin PBXResourcesBuildPhase section */
		0404BFD920611BB70030EB23 /* Resources */ = {
			isa = PBXResourcesBuildPhase;
			buildActionMask = 2147483647;
			files = (
				0404BFEB20611BB70030EB23 /* LaunchScreen.storyboard in Resources */,
				0404BFE820611BB70030EB23 /* Assets.xcassets in Resources */,
			);
			runOnlyForDeploymentPostprocessing = 0;
		};
/* End PBXResourcesBuildPhase section */

/* Begin PBXSourcesBuildPhase section */
		0404BFD720611BB70030EB23 /* Sources */ = {
			isa = PBXSourcesBuildPhase;
			buildActionMask = 2147483647;
			files = (
				0495B9DC206E1E5400346289 /* WFMainTabbarViewController.m in Sources */,
				0449BA662084AE88007DA045 /* UIView+WFExtension.m in Sources */,
				04B92FE3206B417500FECA45 /* WFDisplayView.m in Sources */,
				04BD359922369EA60063A1CD /* WFGestureViewController.m in Sources */,
				04983E1F2085F4F4006836E7 /* WFChartViewController.m in Sources */,
				AAF6B82021255A6000738A9E /* WFCircleAnimationView.m in Sources */,
				AA826413212EBD0200E0FC10 /* WFPresentationController.m in Sources */,
				0404BFF820611D200030EB23 /* WFCircleProgressView.m in Sources */,
				04558844207B58980052D9B8 /* WFPopAnimation.m in Sources */,
				04EE61A22197FEC10048E442 /* WFNavigationSubViewController.m in Sources */,
				04BD359622369D490063A1CD /* WFGestureView.m in Sources */,
				0455884A207B6A990052D9B8 /* WFMainNavigationViewController.m in Sources */,
				04D65E13208044B40016D23E /* WFPieChartView.m in Sources */,
				04EE619F2197FDC30048E442 /* WFNavigationViewController.m in Sources */,
				0404BFE320611BB70030EB23 /* ViewController.m in Sources */,
				AAD03B91223A02670037D498 /* WFFlexibleButton.m in Sources */,
				0495B9DF206E1E7A00346289 /* WFWaveHeader.m in Sources */,
				0404BFEE20611BB70030EB23 /* main.m in Sources */,
				0495B9E2206E1FB400346289 /* WFProgressViewController.m in Sources */,
				04983E1C20859D05006836E7 /* WFChartModel.m in Sources */,
				0404BFE020611BB70030EB23 /* AppDelegate.m in Sources */,
				04D65E16208061230016D23E /* WFPieChartItem.m in Sources */,
				0404C0012062471A0030EB23 /* WFSphereWaveProgressView.m in Sources */,
				0455884D207B6C8C0052D9B8 /* WFSubViewController.m in Sources */,
				04D65E192080AF4F0016D23E /* WFLineChartView.m in Sources */,
				04A6D350206C920C005A531B /* WFElasticityView.m in Sources */,
				AA826416212FDA2800E0FC10 /* WFSecondViewController.m in Sources */,
			);
			runOnlyForDeploymentPostprocessing = 0;
		};
/* End PBXSourcesBuildPhase section */

/* Begin PBXVariantGroup section */
		0404BFE920611BB70030EB23 /* LaunchScreen.storyboard */ = {
			isa = PBXVariantGroup;
			children = (
				0404BFEA20611BB70030EB23 /* Base */,
			);
			name = LaunchScreen.storyboard;
			sourceTree = "<group>";
		};
/* End PBXVariantGroup section */

/* Begin XCBuildConfiguration section */
		0404BFEF20611BB70030EB23 /* Debug */ = {
			isa = XCBuildConfiguration;
			buildSettings = {
				ALWAYS_SEARCH_USER_PATHS = NO;
				CLANG_ANALYZER_NONNULL = YES;
				CLANG_ANALYZER_NUMBER_OBJECT_CONVERSION = YES_AGGRESSIVE;
				CLANG_CXX_LANGUAGE_STANDARD = "gnu++14";
				CLANG_CXX_LIBRARY = "libc++";
				CLANG_ENABLE_MODULES = YES;
				CLANG_ENABLE_OBJC_ARC = YES;
				CLANG_WARN_BLOCK_CAPTURE_AUTORELEASING = YES;
				CLANG_WARN_BOOL_CONVERSION = YES;
				CLANG_WARN_COMMA = YES;
				CLANG_WARN_CONSTANT_CONVERSION = YES;
				CLANG_WARN_DEPRECATED_OBJC_IMPLEMENTATIONS = YES;
				CLANG_WARN_DIRECT_OBJC_ISA_USAGE = YES_ERROR;
				CLANG_WARN_DOCUMENTATION_COMMENTS = YES;
				CLANG_WARN_EMPTY_BODY = YES;
				CLANG_WARN_ENUM_CONVERSION = YES;
				CLANG_WARN_INFINITE_RECURSION = YES;
				CLANG_WARN_INT_CONVERSION = YES;
				CLANG_WARN_NON_LITERAL_NULL_CONVERSION = YES;
				CLANG_WARN_OBJC_IMPLICIT_RETAIN_SELF = YES;
				CLANG_WARN_OBJC_LITERAL_CONVERSION = YES;
				CLANG_WARN_OBJC_ROOT_CLASS = YES_ERROR;
				CLANG_WARN_RANGE_LOOP_ANALYSIS = YES;
				CLANG_WARN_STRICT_PROTOTYPES = YES;
				CLANG_WARN_SUSPICIOUS_MOVE = YES;
				CLANG_WARN_UNGUARDED_AVAILABILITY = YES_AGGRESSIVE;
				CLANG_WARN_UNREACHABLE_CODE = YES;
				CLANG_WARN__DUPLICATE_METHOD_MATCH = YES;
				CODE_SIGN_IDENTITY = "iPhone Developer";
				COPY_PHASE_STRIP = NO;
				DEBUG_INFORMATION_FORMAT = dwarf;
				ENABLE_STRICT_OBJC_MSGSEND = YES;
				ENABLE_TESTABILITY = YES;
				GCC_C_LANGUAGE_STANDARD = gnu11;
				GCC_DYNAMIC_NO_PIC = NO;
				GCC_NO_COMMON_BLOCKS = YES;
				GCC_OPTIMIZATION_LEVEL = 0;
				GCC_PREPROCESSOR_DEFINITIONS = (
					"DEBUG=1",
					"$(inherited)",
				);
				GCC_WARN_64_TO_32_BIT_CONVERSION = YES;
				GCC_WARN_ABOUT_RETURN_TYPE = YES_ERROR;
				GCC_WARN_UNDECLARED_SELECTOR = YES;
				GCC_WARN_UNINITIALIZED_AUTOS = YES_AGGRESSIVE;
				GCC_WARN_UNUSED_FUNCTION = YES;
				GCC_WARN_UNUSED_VARIABLE = YES;
				IPHONEOS_DEPLOYMENT_TARGET = 11.2;
				MTL_ENABLE_DEBUG_INFO = YES;
				ONLY_ACTIVE_ARCH = YES;
				SDKROOT = iphoneos;
			};
			name = Debug;
		};
		0404BFF020611BB70030EB23 /* Release */ = {
			isa = XCBuildConfiguration;
			buildSettings = {
				ALWAYS_SEARCH_USER_PATHS = NO;
				CLANG_ANALYZER_NONNULL = YES;
				CLANG_ANALYZER_NUMBER_OBJECT_CONVERSION = YES_AGGRESSIVE;
				CLANG_CXX_LANGUAGE_STANDARD = "gnu++14";
				CLANG_CXX_LIBRARY = "libc++";
				CLANG_ENABLE_MODULES = YES;
				CLANG_ENABLE_OBJC_ARC = YES;
				CLANG_WARN_BLOCK_CAPTURE_AUTORELEASING = YES;
				CLANG_WARN_BOOL_CONVERSION = YES;
				CLANG_WARN_COMMA = YES;
				CLANG_WARN_CONSTANT_CONVERSION = YES;
				CLANG_WARN_DEPRECATED_OBJC_IMPLEMENTATIONS = YES;
				CLANG_WARN_DIRECT_OBJC_ISA_USAGE = YES_ERROR;
				CLANG_WARN_DOCUMENTATION_COMMENTS = YES;
				CLANG_WARN_EMPTY_BODY = YES;
				CLANG_WARN_ENUM_CONVERSION = YES;
				CLANG_WARN_INFINITE_RECURSION = YES;
				CLANG_WARN_INT_CONVERSION = YES;
				CLANG_WARN_NON_LITERAL_NULL_CONVERSION = YES;
				CLANG_WARN_OBJC_IMPLICIT_RETAIN_SELF = YES;
				CLANG_WARN_OBJC_LITERAL_CONVERSION = YES;
				CLANG_WARN_OBJC_ROOT_CLASS = YES_ERROR;
				CLANG_WARN_RANGE_LOOP_ANALYSIS = YES;
				CLANG_WARN_STRICT_PROTOTYPES = YES;
				CLANG_WARN_SUSPICIOUS_MOVE = YES;
				CLANG_WARN_UNGUARDED_AVAILABILITY = YES_AGGRESSIVE;
				CLANG_WARN_UNREACHABLE_CODE = YES;
				CLANG_WARN__DUPLICATE_METHOD_MATCH = YES;
				CODE_SIGN_IDENTITY = "iPhone Developer";
				COPY_PHASE_STRIP = NO;
				DEBUG_INFORMATION_FORMAT = "dwarf-with-dsym";
				ENABLE_NS_ASSERTIONS = NO;
				ENABLE_STRICT_OBJC_MSGSEND = YES;
				GCC_C_LANGUAGE_STANDARD = gnu11;
				GCC_NO_COMMON_BLOCKS = YES;
				GCC_WARN_64_TO_32_BIT_CONVERSION = YES;
				GCC_WARN_ABOUT_RETURN_TYPE = YES_ERROR;
				GCC_WARN_UNDECLARED_SELECTOR = YES;
				GCC_WARN_UNINITIALIZED_AUTOS = YES_AGGRESSIVE;
				GCC_WARN_UNUSED_FUNCTION = YES;
				GCC_WARN_UNUSED_VARIABLE = YES;
				IPHONEOS_DEPLOYMENT_TARGET = 11.2;
				MTL_ENABLE_DEBUG_INFO = NO;
				SDKROOT = iphoneos;
				VALIDATE_PRODUCT = YES;
			};
			name = Release;
		};
		0404BFF220611BB70030EB23 /* Debug */ = {
			isa = XCBuildConfiguration;
			buildSettings = {
				ASSETCATALOG_COMPILER_APPICON_NAME = AppIcon;
				CODE_SIGN_STYLE = Automatic;
				DEVELOPMENT_TEAM = 3593JT4FD7;
				GCC_PREFIX_HEADER = "$(SRCROOT)/Animation_Summary/Config/PrefixHeader.pch";
				INFOPLIST_FILE = "$(SRCROOT)/Animation_Summary/Config/Info.plist";
				IPHONEOS_DEPLOYMENT_TARGET = 8.0;
				LD_RUNPATH_SEARCH_PATHS = "$(inherited) @executable_path/Frameworks";
				PRODUCT_BUNDLE_IDENTIFIER = com.animation.www.AnimationDemo;
				PRODUCT_NAME = "$(TARGET_NAME)";
				TARGETED_DEVICE_FAMILY = 1;
			};
			name = Debug;
		};
		0404BFF320611BB70030EB23 /* Release */ = {
			isa = XCBuildConfiguration;
			buildSettings = {
				ASSETCATALOG_COMPILER_APPICON_NAME = AppIcon;
				CODE_SIGN_STYLE = Automatic;
				DEVELOPMENT_TEAM = 3593JT4FD7;
				GCC_PREFIX_HEADER = "$(SRCROOT)/Animation_Summary/Config/PrefixHeader.pch";
				INFOPLIST_FILE = "$(SRCROOT)/Animation_Summary/Config/Info.plist";
				IPHONEOS_DEPLOYMENT_TARGET = 8.0;
				LD_RUNPATH_SEARCH_PATHS = "$(inherited) @executable_path/Frameworks";
				PRODUCT_BUNDLE_IDENTIFIER = com.animation.www.AnimationDemo;
				PRODUCT_NAME = "$(TARGET_NAME)";
				TARGETED_DEVICE_FAMILY = 1;
			};
			name = Release;
		};
/* End XCBuildConfiguration section */

/* Begin XCConfigurationList section */
		0404BFD620611BB70030EB23 /* Build configuration list for PBXProject "Animation_Summary" */ = {
			isa = XCConfigurationList;
			buildConfigurations = (
				0404BFEF20611BB70030EB23 /* Debug */,
				0404BFF020611BB70030EB23 /* Release */,
			);
			defaultConfigurationIsVisible = 0;
			defaultConfigurationName = Release;
		};
		0404BFF120611BB70030EB23 /* Build configuration list for PBXNativeTarget "Animation_Summary" */ = {
			isa = XCConfigurationList;
			buildConfigurations = (
				0404BFF220611BB70030EB23 /* Debug */,
				0404BFF320611BB70030EB23 /* Release */,
			);
			defaultConfigurationIsVisible = 0;
			defaultConfigurationName = Release;
		};
/* End XCConfigurationList section */
	};
	rootObject = 0404BFD320611BB70030EB23 /* Project object */;
}
